# THIS IS AN AUTOGENERATED FILE. DO NOT EDIT THIS FILE DIRECTLY.
# yarn lockfile v1


orderedmap@^1.0.0:
  version "1.0.0"
  resolved "https://registry.yarnpkg.com/orderedmap/-/orderedmap-1.0.0.tgz#d90fc2ba1ed085190907d601dec6e6a53f8d41ba"

prosemirror-commands@^0.23.0:
  version "0.23.0"
  resolved "https://registry.yarnpkg.com/prosemirror-commands/-/prosemirror-commands-0.23.0.tgz#d5385b0921a0592e38ff17dcba31680285867dc1"
  dependencies:
    prosemirror-model "^0.23.0"
    prosemirror-state "^0.23.0"
    prosemirror-transform "^0.23.0"

prosemirror-history@^0.23.0:
  version "0.23.0"
  resolved "https://registry.yarnpkg.com/prosemirror-history/-/prosemirror-history-0.23.0.tgz#c5840b4b254ec253d011043220d365bf1cc1d560"
  dependencies:
    prosemirror-state "^0.23.0"
    prosemirror-transform "^0.23.0"
    rope-sequence "^1.2.0"

prosemirror-keymap@^0.23.0:
  version "0.23.0"
  resolved "https://registry.yarnpkg.com/prosemirror-keymap/-/prosemirror-keymap-0.23.0.tgz#fd47625df8c8c1fe91c6282fd227cab2b1ad967c"
  dependencies:
    prosemirror-state "^0.23.0"
    w3c-keyname "^1.1.0"

prosemirror-model@^0.23.0:
  version "0.23.0"
  resolved "https://registry.yarnpkg.com/prosemirror-model/-/prosemirror-model-0.23.0.tgz#0bc5fdb4a3ccaf1a4469f3fd1d191b0a044b81a7"
  dependencies:
    orderedmap "^1.0.0"

prosemirror-schema-basic@^0.23.0:
  version "0.23.0"
  resolved "https://registry.yarnpkg.com/prosemirror-schema-basic/-/prosemirror-schema-basic-0.23.0.tgz#588ea7538ff5d4cc1b4996d22160462c445ece07"
  dependencies:
    prosemirror-model "^0.23.0"

prosemirror-state@^0.23.0:
  version "0.23.0"
  resolved "https://registry.yarnpkg.com/prosemirror-state/-/prosemirror-state-0.23.0.tgz#45523e35746147c5accacf7105afb0c0e75e7715"
  dependencies:
    prosemirror-model "^0.23.0"
    prosemirror-transform "^0.23.0"

prosemirror-transform@^0.23.0:
  version "0.23.0"
  resolved "https://registry.yarnpkg.com/prosemirror-transform/-/prosemirror-transform-0.23.0.tgz#6f56d1bb5e5b889143fc85bf94a0bcac676a93e2"
  dependencies:
    prosemirror-model "^0.23.0"

prosemirror-view@^0.23.0:
  version "0.23.0"
  resolved "https://registry.yarnpkg.com/prosemirror-view/-/prosemirror-view-0.23.0.tgz#68d38d82646bd4b3cd918ded63585318dfaadac7"
  dependencies:
    prosemirror-model "^0.23.0"
    prosemirror-state "^0.23.0"
    prosemirror-transform "^0.23.0"

rope-sequence@^1.2.0:
  version "1.2.2"
  resolved "https://registry.yarnpkg.com/rope-sequence/-/rope-sequence-1.2.2.tgz#49c4e5c2f54a48e990b050926771e2871bcb31ce"

w3c-keyname@^1.1.0:
  version "1.1.6"
  resolved "https://registry.yarnpkg.com/w3c-keyname/-/w3c-keyname-1.1.6.tgz#f835231f26b36cf4fb2f7aa3ee3be3db266d4b35"
